github.com/Konstantin8105/c4go v0.0.0-20221126133624-6700a2ff2e92 h1:VYKvmNvXZ0o/CEZKg12GCxUgp2qjXQ3PYI6fyrlr2W0=
github.com/Konstantin8105/c4go v0.0.0-20221126133624-6700a2ff2e92/go.mod h1:rx8jrq91qNvS1tOQVU3TmL6215tuwHSB17k407q4Z/s=
github.com/Konstantin8105/cs v0.0.0-20190517091010-c069cc1cee1b/go.mod h1:NquwK4RWQZiMO4cVCacCuMklZ+bPxxHSR8h8Qc51EPk=
github.com/Konstantin8105/errors v0.0.0-20190517083224-0667bfd7a9ac h1:syUV8/Mgzpj/lYevIbCnoIUawY6EoxTm+D07nPzZdr4=
github.com/Konstantin8105/errors v0.0.0-20190517083224-0667bfd7a9ac/go.mod h1:7wvBaOU91dxvleBlg9MPy3B1DFY/JKnWeLTzPQKkRwE=
github.com/Konstantin8105/tree v0.0.0-20190515202740-8a8e3df34a3b h1:FjXnLahgYDqBm8FeELONQ6+AoL/VYUQJOcexWqeAPM8=
github.com/Konstantin8105/tree v0.0.0-20190515202740-8a8e3df34a3b/go.mod h1:iuUpRQi7E+GDKbY/a5HBliYk4j+cW1Nmv1hXoCSwuVU=
github.com/andybalholm/brotli v1.0.5 h1:8uQZIdzKmjc/iuPu7O2ioW48L81FgatrcpfFmiq/cCs=
github.com/andybalholm/brotli v1.0.5/go.mod h1:fO7iG3H7G2nSZ7m0zPUDn85XEX2GTukHGRSepvi9Eig=
github.com/bradleyjkemp/cupaloy v2.3.0+incompatible/go.mod h1:Au1Xw1sgaJ5iSFktEhYsS0dbQiS1B0/XMXl+42y9Ilk=
github.com/davecgh/go-spew v1.1.1/go.mod h1:J7Y8YcW2NihsgmVo/mv3lAwl/skON4iLHjSsI+c5H38=
github.com/klauspost/compress v1.16.3 h1:XuJt9zzcnaz6a16/OU53ZjWp/v7/42WcR5t2a0PcNQY=
github.com/klauspost/compress v1.16.3/go.mod h1:ntbaceVETuRiXiv4DpjP66DpAtAGkEQskQzEyD//IeE=
github.com/pkg/term v0.0.0-20190109203006-aa71e9d9e942/go.mod h1:eCbImbZ95eXtAUIbLAuAVnBnwf83mjf6QIVH8SHYwqQ=
github.com/pmezard/go-difflib v1.0.0/go.mod h1:iKH77koFhYxTK1pcRnkKkqfTogsbg7gZNVY4sRDYZ/4=
github.com/valyala/bytebufferpool v1.0.0 h1:GqA5TC/0021Y/b9FG4Oi9Mr3q7XYx6KllzawFIhcdPw=
github.com/valyala/bytebufferpool v1.0.0/go.mod h1:6bBcMArwyJ5K/AmCkWv1jt77kVWyCJ6HpOuEn7z0Csc=
github.com/valyala/fasthttp v1.45.0 h1:zPkkzpIn8tdHZUrVa6PzYd0i5verqiPSkgTd3bSUcpA=
github.com/valyala/fasthttp v1.45.0/go.mod h1:k2zXd82h/7UZc3VOdJ2WaUqt1uZ/XpXAfE9i+HBC3lA=
golang.org/x/sys v0.0.0-20190609082536-301114b31cce/go.mod h1:h1NjWce9XRLGQEsW7wpKNCjG9DtNlClVuFLEZdDNbEs=
